// !$*UTF8*$!
{
	archiveVersion = 1;
	classes = {
	};
	objectVersion = 55;
	objects = {

/* Begin PBXBuildFile section */
		9655F47627740217001C6D2A /* StorageManager.swift in Sources */ = {isa = PBXBuildFile; fileRef = 9655F47527740217001C6D2A /* StorageManager.swift */; };
		966B592B2758733A00531161 /* Pokedex.swift in Sources */ = {isa = PBXBuildFile; fileRef = 966B592A2758733A00531161 /* Pokedex.swift */; };
		966EC5462779DCC800FB34EA /* CollectionView Extension.swift in Sources */ = {isa = PBXBuildFile; fileRef = 966EC5452779DCC800FB34EA /* CollectionView Extension.swift */; };
		967922B927564EB100BEA744 /* AppDelegate.swift in Sources */ = {isa = PBXBuildFile; fileRef = 967922B827564EB100BEA744 /* AppDelegate.swift */; };
		967922C027564EB100BEA744 /* Main.storyboard in Resources */ = {isa = PBXBuildFile; fileRef = 967922BE27564EB100BEA744 /* Main.storyboard */; };
		967922C227564EB500BEA744 /* Assets.xcassets in Resources */ = {isa = PBXBuildFile; fileRef = 967922C127564EB500BEA744 /* Assets.xcassets */; };
		967922C527564EB500BEA744 /* LaunchScreen.storyboard in Resources */ = {isa = PBXBuildFile; fileRef = 967922C327564EB500BEA744 /* LaunchScreen.storyboard */; };
		967922CE2756510300BEA744 /* PokedexWithPokemons.swift in Sources */ = {isa = PBXBuildFile; fileRef = 967922CD2756510300BEA744 /* PokedexWithPokemons.swift */; };
		967922D02756606900BEA744 /* NetworkManager.swift in Sources */ = {isa = PBXBuildFile; fileRef = 967922CF2756606900BEA744 /* NetworkManager.swift */; };
		967922D22756640E00BEA744 /* CollectionView.swift in Sources */ = {isa = PBXBuildFile; fileRef = 967922D12756640E00BEA744 /* CollectionView.swift */; };
		967922D42756646300BEA744 /* Cell.swift in Sources */ = {isa = PBXBuildFile; fileRef = 967922D32756646300BEA744 /* Cell.swift */; };
		967D5605276C9A3C00990BA2 /* FavoriteTable.swift in Sources */ = {isa = PBXBuildFile; fileRef = 967D5604276C9A3C00990BA2 /* FavoriteTable.swift */; };
		96945EC9276D94670059BE40 /* InfoViewController.swift in Sources */ = {isa = PBXBuildFile; fileRef = 96945EC8276D94670059BE40 /* InfoViewController.swift */; };
		96DC9B7F2772E82A003CF637 /* ImageManager.swift in Sources */ = {isa = PBXBuildFile; fileRef = 96DC9B7E2772E82A003CF637 /* ImageManager.swift */; };
		D6C90AD382B9F9815847946E /* Pods_PokeApi.framework in Frameworks */ = {isa = PBXBuildFile; fileRef = 89A0B0B0C41D4F1FACC880E3 /* Pods_PokeApi.framework */; };
/* End PBXBuildFile section */

/* Begin PBXFileReference section */
		89A0B0B0C41D4F1FACC880E3 /* Pods_PokeApi.framework */ = {isa = PBXFileReference; explicitFileType = wrapper.framework; includeInIndex = 0; path = Pods_PokeApi.framework; sourceTree = BUILT_PRODUCTS_DIR; };
		9655F47527740217001C6D2A /* StorageManager.swift */ = {isa = PBXFileReference; lastKnownFileType = sourcecode.swift; path = StorageManager.swift; sourceTree = "<group>"; };
		966B592A2758733A00531161 /* Pokedex.swift */ = {isa = PBXFileReference; lastKnownFileType = sourcecode.swift; path = Pokedex.swift; sourceTree = "<group>"; };
		966EC5452779DCC800FB34EA /* CollectionView Extension.swift */ = {isa = PBXFileReference; lastKnownFileType = sourcecode.swift; path = "CollectionView Extension.swift"; sourceTree = "<group>"; };
		967922B527564EB100BEA744 /* PokeApi.app */ = {isa = PBXFileReference; explicitFileType = wrapper.application; includeInIndex = 0; path = PokeApi.app; sourceTree = BUILT_PRODUCTS_DIR; };
		967922B827564EB100BEA744 /* AppDelegate.swift */ = {isa = PBXFileReference; lastKnownFileType = sourcecode.swift; path = AppDelegate.swift; sourceTree = "<group>"; };
		967922BF27564EB100BEA744 /* Base */ = {isa = PBXFileReference; lastKnownFileType = file.storyboard; name = Base; path = Base.lproj/Main.storyboard; sourceTree = "<group>"; };
		967922C127564EB500BEA744 /* Assets.xcassets */ = {isa = PBXFileReference; lastKnownFileType = folder.assetcatalog; path = Assets.xcassets; sourceTree = "<group>"; };
		967922C427564EB500BEA744 /* Base */ = {isa = PBXFileReference; lastKnownFileType = file.storyboard; name = Base; path = Base.lproj/LaunchScreen.storyboard; sourceTree = "<group>"; };
		967922C627564EB500BEA744 /* Info.plist */ = {isa = PBXFileReference; lastKnownFileType = text.plist.xml; path = Info.plist; sourceTree = "<group>"; };
		967922CD2756510300BEA744 /* PokedexWithPokemons.swift */ = {isa = PBXFileReference; lastKnownFileType = sourcecode.swift; path = PokedexWithPokemons.swift; sourceTree = "<group>"; };
		967922CF2756606900BEA744 /* NetworkManager.swift */ = {isa = PBXFileReference; lastKnownFileType = sourcecode.swift; path = NetworkManager.swift; sourceTree = "<group>"; };
		967922D12756640E00BEA744 /* CollectionView.swift */ = {isa = PBXFileReference; lastKnownFileType = sourcecode.swift; path = CollectionView.swift; sourceTree = "<group>"; };
		967922D32756646300BEA744 /* Cell.swift */ = {isa = PBXFileReference; lastKnownFileType = sourcecode.swift; path = Cell.swift; sourceTree = "<group>"; };
		967D5604276C9A3C00990BA2 /* FavoriteTable.swift */ = {isa = PBXFileReference; lastKnownFileType = sourcecode.swift; path = FavoriteTable.swift; sourceTree = "<group>"; };
		96945EC8276D94670059BE40 /* InfoViewController.swift */ = {isa = PBXFileReference; lastKnownFileType = sourcecode.swift; path = InfoViewController.swift; sourceTree = "<group>"; };
		96DC9B7E2772E82A003CF637 /* ImageManager.swift */ = {isa = PBXFileReference; lastKnownFileType = sourcecode.swift; path = ImageManager.swift; sourceTree = "<group>"; };
		BB1F974CF71BDB4C5CC50E9D /* Pods-PokeApi.release.xcconfig */ = {isa = PBXFileReference; includeInIndex = 1; lastKnownFileType = text.xcconfig; name = "Pods-PokeApi.release.xcconfig"; path = "Target Support Files/Pods-PokeApi/Pods-PokeApi.release.xcconfig"; sourceTree = "<group>"; };
		DE076FD0494349484F479794 /* Pods-PokeApi.debug.xcconfig */ = {isa = PBXFileReference; includeInIndex = 1; lastKnownFileType = text.xcconfig; name = "Pods-PokeApi.debug.xcconfig"; path = "Target Support Files/Pods-PokeApi/Pods-PokeApi.debug.xcconfig"; sourceTree = "<group>"; };
/* End PBXFileReference section */

/* Begin PBXFrameworksBuildPhase section */
		967922B227564EB100BEA744 /* Frameworks */ = {
			isa = PBXFrameworksBuildPhase;
			buildActionMask = 2147483647;
			files = (
				D6C90AD382B9F9815847946E /* Pods_PokeApi.framework in Frameworks */,
			);
			runOnlyForDeploymentPostprocessing = 0;
		};
/* End PBXFrameworksBuildPhase section */

/* Begin PBXGroup section */
		523073ED83B5570A30F13968 /* Frameworks */ = {
			isa = PBXGroup;
			children = (
				89A0B0B0C41D4F1FACC880E3 /* Pods_PokeApi.framework */,
			);
			name = Frameworks;
			sourceTree = "<group>";
		};
		56DA39BF9EF06270B7C0BFA2 /* Pods */ = {
			isa = PBXGroup;
			children = (
				DE076FD0494349484F479794 /* Pods-PokeApi.debug.xcconfig */,
				BB1F974CF71BDB4C5CC50E9D /* Pods-PokeApi.release.xcconfig */,
			);
			path = Pods;
			sourceTree = "<group>";
		};
		966B592C2758734400531161 /* Models */ = {
			isa = PBXGroup;
			children = (
				967922CF2756606900BEA744 /* NetworkManager.swift */,
				967922CD2756510300BEA744 /* PokedexWithPokemons.swift */,
				966B592A2758733A00531161 /* Pokedex.swift */,
				96DC9B7E2772E82A003CF637 /* ImageManager.swift */,
				9655F47527740217001C6D2A /* StorageManager.swift */,
			);
			path = Models;
			sourceTree = "<group>";
		};
		967922AC27564EB100BEA744 = {
			isa = PBXGroup;
			children = (
				967922B727564EB100BEA744 /* PokeApi */,
				967922B627564EB100BEA744 /* Products */,
				56DA39BF9EF06270B7C0BFA2 /* Pods */,
				523073ED83B5570A30F13968 /* Frameworks */,
			);
			sourceTree = "<group>";
		};
		967922B627564EB100BEA744 /* Products */ = {
			isa = PBXGroup;
			children = (
				967922B527564EB100BEA744 /* PokeApi.app */,
			);
			name = Products;
			sourceTree = "<group>";
		};
		967922B727564EB100BEA744 /* PokeApi */ = {
			isa = PBXGroup;
			children = (
				967922CC27564ED200BEA744 /* Supporting Files */,
				967922BE27564EB100BEA744 /* Main.storyboard */,
				966B592C2758734400531161 /* Models */,
				967D5603276C991300990BA2 /* View Controllers */,
			);
			path = PokeApi;
			sourceTree = "<group>";
		};
		967922CC27564ED200BEA744 /* Supporting Files */ = {
			isa = PBXGroup;
			children = (
				967922B827564EB100BEA744 /* AppDelegate.swift */,
				967922C127564EB500BEA744 /* Assets.xcassets */,
				967922C327564EB500BEA744 /* LaunchScreen.storyboard */,
				967922C627564EB500BEA744 /* Info.plist */,
			);
			path = "Supporting Files";
			sourceTree = "<group>";
		};
		967D5603276C991300990BA2 /* View Controllers */ = {
			isa = PBXGroup;
			children = (
				967922D12756640E00BEA744 /* CollectionView.swift */,
				966EC5452779DCC800FB34EA /* CollectionView Extension.swift */,
				967D5604276C9A3C00990BA2 /* FavoriteTable.swift */,
				96945EC8276D94670059BE40 /* InfoViewController.swift */,
				967922D32756646300BEA744 /* Cell.swift */,
			);
			path = "View Controllers";
			sourceTree = "<group>";
		};
/* End PBXGroup section */

/* Begin PBXNativeTarget section */
		967922B427564EB100BEA744 /* PokeApi */ = {
			isa = PBXNativeTarget;
			buildConfigurationList = 967922C927564EB500BEA744 /* Build configuration list for PBXNativeTarget "PokeApi" */;
			buildPhases = (
				B574F316EC6B5C52937A65F8 /* [CP] Check Pods Manifest.lock */,
				967922B127564EB100BEA744 /* Sources */,
				967922B227564EB100BEA744 /* Frameworks */,
				967922B327564EB100BEA744 /* Resources */,
				D3E18D1CF2C3AF72D8BE7605 /* [CP] Embed Pods Frameworks */,
			);
			buildRules = (
			);
			dependencies = (
			);
			name = PokeApi;
			productName = PokeApi;
			productReference = 967922B527564EB100BEA744 /* PokeApi.app */;
			productType = "com.apple.product-type.application";
		};
/* End PBXNativeTarget section */

/* Begin PBXProject section */
		967922AD27564EB100BEA744 /* Project object */ = {
			isa = PBXProject;
			attributes = {
				BuildIndependentTargetsInParallel = 1;
				LastSwiftUpdateCheck = 1310;
				LastUpgradeCheck = 1310;
				TargetAttributes = {
					967922B427564EB100BEA744 = {
						CreatedOnToolsVersion = 13.1;
					};
				};
			};
			buildConfigurationList = 967922B027564EB100BEA744 /* Build configuration list for PBXProject "PokeApi" */;
			compatibilityVersion = "Xcode 13.0";
			developmentRegion = en;
			hasScannedForEncodings = 0;
			knownRegions = (
				en,
				Base,
			);
			mainGroup = 967922AC27564EB100BEA744;
			productRefGroup = 967922B627564EB100BEA744 /* Products */;
			projectDirPath = "";
			projectRoot = "";
			targets = (
				967922B427564EB100BEA744 /* PokeApi */,
			);
		};
/* End PBXProject section */

/* Begin PBXResourcesBuildPhase section */
		967922B327564EB100BEA744 /* Resources */ = {
			isa = PBXResourcesBuildPhase;
			buildActionMask = 2147483647;
			files = (
				967922C527564EB500BEA744 /* LaunchScreen.storyboard in Resources */,
				967922C227564EB500BEA744 /* Assets.xcassets in Resources */,
				967922C027564EB100BEA744 /* Main.storyboard in Resources */,
			);
			runOnlyForDeploymentPostprocessing = 0;
		};
/* End PBXResourcesBuildPhase section */

/* Begin PBXShellScriptBuildPhase section */
		B574F316EC6B5C52937A65F8 /* [CP] Check Pods Manifest.lock */ = {
			isa = PBXShellScriptBuildPhase;
			buildActionMask = 2147483647;
			files = (
			);
			inputFileListPaths = (
			);
			inputPaths = (
				"${PODS_PODFILE_DIR_PATH}/Podfile.lock",
				"${PODS_ROOT}/Manifest.lock",
			);
			name = "[CP] Check Pods Manifest.lock";
			outputFileListPaths = (
			);
			outputPaths = (
				"$(DERIVED_FILE_DIR)/Pods-PokeApi-checkManifestLockResult.txt",
			);
			runOnlyForDeploymentPostprocessing = 0;
			shellPath = /bin/sh;
			shellScript = "diff \"${PODS_PODFILE_DIR_PATH}/Podfile.lock\" \"${PODS_ROOT}/Manifest.lock\" > /dev/null\nif [ $? != 0 ] ; then\n    # print error to STDERR\n    echo \"error: The sandbox is not in sync with the Podfile.lock. Run 'pod install' or update your CocoaPods installation.\" >&2\n    exit 1\nfi\n# This output is used by Xcode 'outputs' to avoid re-running this script phase.\necho \"SUCCESS\" > \"${SCRIPT_OUTPUT_FILE_0}\"\n";
			showEnvVarsInLog = 0;
		};
		D3E18D1CF2C3AF72D8BE7605 /* [CP] Embed Pods Frameworks */ = {
			isa = PBXShellScriptBuildPhase;
			buildActionMask = 2147483647;
			files = (
			);
			inputFileListPaths = (
				"${PODS_ROOT}/Target Support Files/Pods-PokeApi/Pods-PokeApi-frameworks-${CONFIGURATION}-input-files.xcfilelist",
			);
			name = "[CP] Embed Pods Frameworks";
			outputFileListPaths = (
				"${PODS_ROOT}/Target Support Files/Pods-PokeApi/Pods-PokeApi-frameworks-${CONFIGURATION}-output-files.xcfilelist",
			);
			runOnlyForDeploymentPostprocessing = 0;
			shellPath = /bin/sh;
			shellScript = "\"${PODS_ROOT}/Target Support Files/Pods-PokeApi/Pods-PokeApi-frameworks.sh\"\n";
			showEnvVarsInLog = 0;
		};
/* End PBXShellScriptBuildPhase section */

/* Begin PBXSourcesBuildPhase section */
		967922B127564EB100BEA744 /* Sources */ = {
			isa = PBXSourcesBuildPhase;
			buildActionMask = 2147483647;
			files = (
				96945EC9276D94670059BE40 /* InfoViewController.swift in Sources */,
				967922B927564EB100BEA744 /* AppDelegate.swift in Sources */,
				967922D02756606900BEA744 /* NetworkManager.swift in Sources */,
				967D5605276C9A3C00990BA2 /* FavoriteTable.swift in Sources */,
				966B592B2758733A00531161 /* Pokedex.swift in Sources */,
				967922D22756640E00BEA744 /* CollectionView.swift in Sources */,
				967922D42756646300BEA744 /* Cell.swift in Sources */,
				96DC9B7F2772E82A003CF637 /* ImageManager.swift in Sources */,
				966EC5462779DCC800FB34EA /* CollectionView Extension.swift in Sources */,
				9655F47627740217001C6D2A /* StorageManager.swift in Sources */,
				967922CE2756510300BEA744 /* PokedexWithPokemons.swift in Sources */,
			);
			runOnlyForDeploymentPostprocessing = 0;
		};
/* End PBXSourcesBuildPhase section */

/* Begin PBXVariantGroup section */
		967922BE27564EB100BEA744 /* Main.storyboard */ = {
			isa = PBXVariantGroup;
			children = (
				967922BF27564EB100BEA744 /* Base */,
			);
			name = Main.storyboard;
			sourceTree = "<group>";
		};
		967922C327564EB500BEA744 /* LaunchScreen.storyboard */ = {
			isa = PBXVariantGroup;
			children = (
				967922C427564EB500BEA744 /* Base */,
			);
			name = LaunchScreen.storyboard;
			sourceTree = "<group>";
		};
/* End PBXVariantGroup section */

/* Begin XCBuildConfiguration section */
		967922C727564EB500BEA744 /* Debug */ = {
			isa = XCBuildConfiguration;
			buildSettings = {
				ALWAYS_SEARCH_USER_PATHS = NO;
				CLANG_ANALYZER_NONNULL = YES;
				CLANG_ANALYZER_NUMBER_OBJECT_CONVERSION = YES_AGGRESSIVE;
				CLANG_CXX_LANGUAGE_STANDARD = "gnu++17";
				CLANG_CXX_LIBRARY = "libc++";
				CLANG_ENABLE_MODULES = YES;
				CLANG_ENABLE_OBJC_ARC = YES;
				CLANG_ENABLE_OBJC_WEAK = YES;
				CLANG_WARN_BLOCK_CAPTURE_AUTORELEASING = YES;
				CLANG_WARN_BOOL_CONVERSION = YES;
				CLANG_WARN_COMMA = YES;
				CLANG_WARN_CONSTANT_CONVERSION = YES;
				CLANG_WARN_DEPRECATED_OBJC_IMPLEMENTATIONS = YES;
				CLANG_WARN_DIRECT_OBJC_ISA_USAGE = YES_ERROR;
				CLANG_WARN_DOCUMENTATION_COMMENTS = YES;
				CLANG_WARN_EMPTY_BODY = YES;
				CLANG_WARN_ENUM_CONVERSION = YES;
				CLANG_WARN_INFINITE_RECURSION = YES;
				CLANG_WARN_INT_CONVERSION = YES;
				CLANG_WARN_NON_LITERAL_NULL_CONVERSION = YES;
				CLANG_WARN_OBJC_IMPLICIT_RETAIN_SELF = YES;
				CLANG_WARN_OBJC_LITERAL_CONVERSION = YES;
				CLANG_WARN_OBJC_ROOT_CLASS = YES_ERROR;
				CLANG_WARN_QUOTED_INCLUDE_IN_FRAMEWORK_HEADER = YES;
				CLANG_WARN_RANGE_LOOP_ANALYSIS = YES;
				CLANG_WARN_STRICT_PROTOTYPES = YES;
				CLANG_WARN_SUSPICIOUS_MOVE = YES;
				CLANG_WARN_UNGUARDED_AVAILABILITY = YES_AGGRESSIVE;
				CLANG_WARN_UNREACHABLE_CODE = YES;
				CLANG_WARN__DUPLICATE_METHOD_MATCH = YES;
				COPY_PHASE_STRIP = NO;
				DEBUG_INFORMATION_FORMAT = dwarf;
				ENABLE_STRICT_OBJC_MSGSEND = YES;
				ENABLE_TESTABILITY = YES;
				GCC_C_LANGUAGE_STANDARD = gnu11;
				GCC_DYNAMIC_NO_PIC = NO;
				GCC_NO_COMMON_BLOCKS = YES;
				GCC_OPTIMIZATION_LEVEL = 0;
				GCC_PREPROCESSOR_DEFINITIONS = (
					"DEBUG=1",
					"$(inherited)",
				);
				GCC_WARN_64_TO_32_BIT_CONVERSION = YES;
				GCC_WARN_ABOUT_RETURN_TYPE = YES_ERROR;
				GCC_WARN_UNDECLARED_SELECTOR = YES;
				GCC_WARN_UNINITIALIZED_AUTOS = YES_AGGRESSIVE;
				GCC_WARN_UNUSED_FUNCTION = YES;
				GCC_WARN_UNUSED_VARIABLE = YES;
				IPHONEOS_DEPLOYMENT_TARGET = 15.0;
				MTL_ENABLE_DEBUG_INFO = INCLUDE_SOURCE;
				MTL_FAST_MATH = YES;
				ONLY_ACTIVE_ARCH = YES;
				SDKROOT = iphoneos;
				SWIFT_ACTIVE_COMPILATION_CONDITIONS = DEBUG;
				SWIFT_OPTIMIZATION_LEVEL = "-Onone";
			};
			name = Debug;
		};
		967922C827564EB500BEA744 /* Release */ = {
			isa = XCBuildConfiguration;
			buildSettings = {
				ALWAYS_SEARCH_USER_PATHS = NO;
				CLANG_ANALYZER_NONNULL = YES;
				CLANG_ANALYZER_NUMBER_OBJECT_CONVERSION = YES_AGGRESSIVE;
				CLANG_CXX_LANGUAGE_STANDARD = "gnu++17";
				CLANG_CXX_LIBRARY = "libc++";
				CLANG_ENABLE_MODULES = YES;
				CLANG_ENABLE_OBJC_ARC = YES;
				CLANG_ENABLE_OBJC_WEAK = YES;
				CLANG_WARN_BLOCK_CAPTURE_AUTORELEASING = YES;
				CLANG_WARN_BOOL_CONVERSION = YES;
				CLANG_WARN_COMMA = YES;
				CLANG_WARN_CONSTANT_CONVERSION = YES;
				CLANG_WARN_DEPRECATED_OBJC_IMPLEMENTATIONS = YES;
				CLANG_WARN_DIRECT_OBJC_ISA_USAGE = YES_ERROR;
				CLANG_WARN_DOCUMENTATION_COMMENTS = YES;
				CLANG_WARN_EMPTY_BODY = YES;
				CLANG_WARN_ENUM_CONVERSION = YES;
				CLANG_WARN_INFINITE_RECURSION = YES;
				CLANG_WARN_INT_CONVERSION = YES;
				CLANG_WARN_NON_LITERAL_NULL_CONVERSION = YES;
				CLANG_WARN_OBJC_IMPLICIT_RETAIN_SELF = YES;
				CLANG_WARN_OBJC_LITERAL_CONVERSION = YES;
				CLANG_WARN_OBJC_ROOT_CLASS = YES_ERROR;
				CLANG_WARN_QUOTED_INCLUDE_IN_FRAMEWORK_HEADER = YES;
				CLANG_WARN_RANGE_LOOP_ANALYSIS = YES;
				CLANG_WARN_STRICT_PROTOTYPES = YES;
				CLANG_WARN_SUSPICIOUS_MOVE = YES;
				CLANG_WARN_UNGUARDED_AVAILABILITY = YES_AGGRESSIVE;
				CLANG_WARN_UNREACHABLE_CODE = YES;
				CLANG_WARN__DUPLICATE_METHOD_MATCH = YES;
				COPY_PHASE_STRIP = NO;
				DEBUG_INFORMATION_FORMAT = "dwarf-with-dsym";
				ENABLE_NS_ASSERTIONS = NO;
				ENABLE_STRICT_OBJC_MSGSEND = YES;
				GCC_C_LANGUAGE_STANDARD = gnu11;
				GCC_NO_COMMON_BLOCKS = YES;
				GCC_WARN_64_TO_32_BIT_CONVERSION = YES;
				GCC_WARN_ABOUT_RETURN_TYPE = YES_ERROR;
				GCC_WARN_UNDECLARED_SELECTOR = YES;
				GCC_WARN_UNINITIALIZED_AUTOS = YES_AGGRESSIVE;
				GCC_WARN_UNUSED_FUNCTION = YES;
				GCC_WARN_UNUSED_VARIABLE = YES;
				IPHONEOS_DEPLOYMENT_TARGET = 15.0;
				MTL_ENABLE_DEBUG_INFO = NO;
				MTL_FAST_MATH = YES;
				SDKROOT = iphoneos;
				SWIFT_COMPILATION_MODE = wholemodule;
				SWIFT_OPTIMIZATION_LEVEL = "-O";
				VALIDATE_PRODUCT = YES;
			};
			name = Release;
		};
		967922CA27564EB500BEA744 /* Debug */ = {
			isa = XCBuildConfiguration;
			baseConfigurationReference = DE076FD0494349484F479794 /* Pods-PokeApi.debug.xcconfig */;
			buildSettings = {
				ASSETCATALOG_COMPILER_APPICON_NAME = AppIcon;
				ASSETCATALOG_COMPILER_GLOBAL_ACCENT_COLOR_NAME = AccentColor;
				CODE_SIGN_STYLE = Automatic;
				CURRENT_PROJECT_VERSION = 13;
				DEVELOPMENT_TEAM = 3B53AU5N2F;
				GENERATE_INFOPLIST_FILE = YES;
				INFOPLIST_FILE = "PokeApi/Supporting Files/Info.plist";
				INFOPLIST_KEY_UIApplicationSupportsIndirectInputEvents = YES;
				INFOPLIST_KEY_UILaunchStoryboardName = LaunchScreen;
				INFOPLIST_KEY_UIMainStoryboardFile = Main;
				INFOPLIST_KEY_UISupportedInterfaceOrientations_iPad = "UIInterfaceOrientationPortrait UIInterfaceOrientationPortraitUpsideDown UIInterfaceOrientationLandscapeLeft UIInterfaceOrientationLandscapeRight";
				INFOPLIST_KEY_UISupportedInterfaceOrientations_iPhone = "UIInterfaceOrientationPortrait UIInterfaceOrientationLandscapeLeft UIInterfaceOrientationLandscapeRight";
				LD_RUNPATH_SEARCH_PATHS = (
					"$(inherited)",
					"@executable_path/Frameworks",
				);
				MARKETING_VERSION = 0.4;
				PRODUCT_BUNDLE_IDENTIFIER = swiftbook.PokeApi;
				PRODUCT_NAME = "$(TARGET_NAME)";
				SWIFT_EMIT_LOC_STRINGS = YES;
				SWIFT_VERSION = 5.0;
				TARGETED_DEVICE_FAMILY = "1,2";
			};
			name = Debug;
		};
		967922CB27564EB500BEA744 /* Release */ = {
			isa = XCBuildConfiguration;
			baseConfigurationReference = BB1F974CF71BDB4C5CC50E9D /* Pods-PokeApi.release.xcconfig */;
			buildSettings = {
				ASSETCATALOG_COMPILER_APPICON_NAME = AppIcon;
				ASSETCATALOG_COMPILER_GLOBAL_ACCENT_COLOR_NAME = AccentColor;
				CODE_SIGN_STYLE = Automatic;
				CURRENT_PROJECT_VERSION = 13;
				DEVELOPMENT_TEAM = 3B53AU5N2F;
				GENERATE_INFOPLIST_FILE = YES;
				INFOPLIST_FILE = "PokeApi/Supporting Files/Info.plist";
				INFOPLIST_KEY_UIApplicationSupportsIndirectInputEvents = YES;
				INFOPLIST_KEY_UILaunchStoryboardName = LaunchScreen;
				INFOPLIST_KEY_UIMainStoryboardFile = Main;
				INFOPLIST_KEY_UISupportedInterfaceOrientations_iPad = "UIInterfaceOrientationPortrait UIInterfaceOrientationPortraitUpsideDown UIInterfaceOrientationLandscapeLeft UIInterfaceOrientationLandscapeRight";
				INFOPLIST_KEY_UISupportedInterfaceOrientations_iPhone = "UIInterfaceOrientationPortrait UIInterfaceOrientationLandscapeLeft UIInterfaceOrientationLandscapeRight";
				LD_RUNPATH_SEARCH_PATHS = (
					"$(inherited)",
					"@executable_path/Frameworks",
				);
				MARKETING_VERSION = 0.4;
				PRODUCT_BUNDLE_IDENTIFIER = swiftbook.PokeApi;
				PRODUCT_NAME = "$(TARGET_NAME)";
				SWIFT_EMIT_LOC_STRINGS = YES;
				SWIFT_VERSION = 5.0;
				TARGETED_DEVICE_FAMILY = "1,2";
			};
			name = Release;
		};
/* End XCBuildConfiguration section */

/* Begin XCConfigurationList section */
		967922B027564EB100BEA744 /* Build configuration list for PBXProject "PokeApi" */ = {
			isa = XCConfigurationList;
			buildConfigurations = (
				967922C727564EB500BEA744 /* Debug */,
				967922C827564EB500BEA744 /* Release */,
			);
			defaultConfigurationIsVisible = 0;
			defaultConfigurationName = Release;
		};
		967922C927564EB500BEA744 /* Build configuration list for PBXNativeTarget "PokeApi" */ = {
			isa = XCConfigurationList;
			buildConfigurations = (
				967922CA27564EB500BEA744 /* Debug */,
				967922CB27564EB500BEA744 /* Release */,
			);
			defaultConfigurationIsVisible = 0;
			defaultConfigurationName = Release;
		};
/* End XCConfigurationList section */
	};
	rootObject = 967922AD27564EB100BEA744 /* Project object */;
}
